
Microsoft Visual Studio Solution File, Format Version 12.00
# Visual Studio Version 17
VisualStudioVersion = 17.10.35122.118
MinimumVisualStudioVersion = 10.0.40219.1
Project("{8BC9CEB8-8B4A-11D0-8D11-00A0C91BC942}") = "OpenCvStuff", "OpenCvStuff.vcxproj", "{AE357B51-22FB-42C2-9644-1CDA7DFFB06E}"
EndProject
Global
	GlobalSection(SolutionConfigurationPlatforms) = preSolution
		Debug|x64 = Debug|x64
	EndGlobalSection
	GlobalSection(ProjectConfigurationPlatforms) = postSolution
		{AE357B51-22FB-42C2-9644-1CDA7DFFB06E}.Debug|x64.ActiveCfg = Debug|x64
		{AE357B51-22FB-42C2-9644-1CDA7DFFB06E}.Debug|x64.Build.0 = Debug|x64
	EndGlobalSection
	GlobalSection(SolutionProperties) = preSolution
		HideSolutionNode = FALSE
	EndGlobalSection
	GlobalSection(ExtensibilityGlobals) = postSolution
		SolutionGuid = {63222847-6EA5-4221-A705-E7112CAF689F}
	EndGlobalSection
EndGlobal
